# THIS IS AN AUTOGENERATED FILE. DO NOT EDIT THIS FILE DIRECTLY.
# yarn lockfile v1


"@fastify/ajv-compiler@^1.0.0":
  version "1.1.0"
  resolved "https://bin.swisscom.com/artifactory/api/npm/sdx-npm-virtual/@fastify/ajv-compiler/-/ajv-compiler-1.1.0.tgz#5ce80b1fc8bebffc8c5ba428d5e392d0f9ed10a1"
  integrity sha1-XOgLH8i+v/yMW6Qo1eOS0PntEKE=
  dependencies:
    ajv "^6.12.6"

abstract-logging@^2.0.0:
  version "2.0.1"
  resolved "https://bin.swisscom.com/artifactory/api/npm/sdx-npm-virtual/abstract-logging/-/abstract-logging-2.0.1.tgz#6b0c371df212db7129b57d2e7fcf282b8bf1c839"
  integrity sha1-aww3HfIS23EptX0uf88oK4vxyDk=

ajv@^6.11.0, ajv@^6.12.6:
  version "6.12.6"
  resolved "https://bin.swisscom.com/artifactory/api/npm/sdx-npm-virtual/ajv/-/ajv-6.12.6.tgz#baf5a62e802b07d977034586f8c3baf5adf26df4"
  integrity sha1-uvWmLoArB9l3A0WG+MO69a3ybfQ=
  dependencies:
    fast-deep-equal "^3.1.1"
    fast-json-stable-stringify "^2.0.0"
    json-schema-traverse "^0.4.1"
    uri-js "^4.2.2"

ajv@^8.1.0:
  version "8.8.2"
  resolved "https://bin.swisscom.com/artifactory/api/npm/sdx-npm-virtual/ajv/-/ajv-8.8.2.tgz#01b4fef2007a28bf75f0b7fc009f62679de4abbb"
  integrity sha1-AbT+8gB6KL918Lf8AJ9iZ53kq7s=
  dependencies:
    fast-deep-equal "^3.1.1"
    json-schema-traverse "^1.0.0"
    require-from-string "^2.0.2"
    uri-js "^4.2.2"

archy@^1.0.0:
  version "1.0.0"
  resolved "https://bin.swisscom.com/artifactory/api/npm/sdx-npm-virtual/archy/-/archy-1.0.0.tgz#f9c8c13757cc1dd7bc379ac77b2c62a5c2868c40"
  integrity sha1-+cjBN1fMHde8N5rHeyxipcKGjEA=

atomic-sleep@^1.0.0:
  version "1.0.0"
  resolved "https://bin.swisscom.com/artifactory/api/npm/sdx-npm-virtual/atomic-sleep/-/atomic-sleep-1.0.0.tgz#eb85b77a601fc932cfe432c5acd364a9e2c9075b"
  integrity sha1-64W3emAfyTLP5DLFrNNkqeLJB1s=

avvio@^7.1.2:
  version "7.2.2"
  resolved "https://bin.swisscom.com/artifactory/api/npm/sdx-npm-virtual/avvio/-/avvio-7.2.2.tgz#58e00e7968870026cd7b7d4f689d596db629e251"
  integrity sha1-WOAOeWiHACbNe31PaJ1ZbbYp4lE=
  dependencies:
    archy "^1.0.0"
    debug "^4.0.0"
    fastq "^1.6.1"
    queue-microtask "^1.1.2"

cookie@^0.4.0:
  version "0.4.1"
  resolved "https://bin.swisscom.com/artifactory/api/npm/sdx-npm-virtual/cookie/-/cookie-0.4.1.tgz#afd713fe26ebd21ba95ceb61f9a8116e50a537d1"
  integrity sha1-r9cT/ibr0hupXOth+agRblClN9E=

debug@^4.0.0:
  version "4.3.3"
  resolved "https://bin.swisscom.com/artifactory/api/npm/sdx-npm-virtual/debug/-/debug-4.3.3.tgz#04266e0b70a98d4462e6e288e38259213332b664"
  integrity sha1-BCZuC3CpjURi5uKI44JZITMytmQ=
  dependencies:
    ms "2.1.2"

deepmerge@^4.2.2:
  version "4.2.2"
  resolved "https://bin.swisscom.com/artifactory/api/npm/sdx-npm-virtual/deepmerge/-/deepmerge-4.2.2.tgz#44d2ea3679b8f4d4ffba33f03d865fc1e7bf4955"
  integrity sha1-RNLqNnm49NT/ujPwPYZfwee/SVU=

fast-decode-uri-component@^1.0.1:
  version "1.0.1"
  resolved "https://bin.swisscom.com/artifactory/api/npm/sdx-npm-virtual/fast-decode-uri-component/-/fast-decode-uri-component-1.0.1.tgz#46f8b6c22b30ff7a81357d4f59abfae938202543"
  integrity sha1-Rvi2wisw/3qBNX1PWav66TggJUM=

fast-deep-equal@^3.1.1, fast-deep-equal@^3.1.3:
  version "3.1.3"
  resolved "https://bin.swisscom.com/artifactory/api/npm/sdx-npm-virtual/fast-deep-equal/-/fast-deep-equal-3.1.3.tgz#3a7d56b559d6cbc3eb512325244e619a65c6c525"
  integrity sha1-On1WtVnWy8PrUSMlJE5hmmXGxSU=

fast-json-stable-stringify@^2.0.0:
  version "2.1.0"
  resolved "https://bin.swisscom.com/artifactory/api/npm/sdx-npm-virtual/fast-json-stable-stringify/-/fast-json-stable-stringify-2.1.0.tgz#874bf69c6f404c2b5d99c481341399fd55892633"
  integrity sha1-h0v2nG9ATCtdmcSBNBOZ/VWJJjM=

fast-json-stringify@^2.5.2:
  version "2.7.12"
  resolved "https://bin.swisscom.com/artifactory/api/npm/sdx-npm-virtual/fast-json-stringify/-/fast-json-stringify-2.7.12.tgz#5bb7941695b52f545191bc396396230633f43592"
  integrity sha1-W7eUFpW1L1RRkbw5Y5YjBjP0NZI=
  dependencies:
    ajv "^6.11.0"
    deepmerge "^4.2.2"
    rfdc "^1.2.0"
    string-similarity "^4.0.1"

fast-redact@^3.0.0:
  version "3.0.2"
  resolved "https://bin.swisscom.com/artifactory/api/npm/sdx-npm-virtual/fast-redact/-/fast-redact-3.0.2.tgz#c940ba7162dde3aeeefc522926ae8c5231412904"
  integrity sha1-yUC6cWLd467u/FIpJq6MUjFBKQQ=

fast-safe-stringify@^2.0.8:
  version "2.1.1"
  resolved "https://bin.swisscom.com/artifactory/api/npm/sdx-npm-virtual/fast-safe-stringify/-/fast-safe-stringify-2.1.1.tgz#c406a83b6e70d9e35ce3b30a81141df30aeba884"
  integrity sha1-xAaoO25w2eNc47MKgRQd8wrrqIQ=

fastify-error@^0.3.0:
  version "0.3.1"
  resolved "https://bin.swisscom.com/artifactory/api/npm/sdx-npm-virtual/fastify-error/-/fastify-error-0.3.1.tgz#8eb993e15e3cf57f0357fc452af9290f1c1278d2"
  integrity sha1-jrmT4V489X8DV/xFKvkpDxwSeNI=

fastify-warning@^0.2.0:
  version "0.2.0"
  resolved "https://bin.swisscom.com/artifactory/api/npm/sdx-npm-virtual/fastify-warning/-/fastify-warning-0.2.0.tgz#e717776026a4493dc9a2befa44db6d17f618008f"
  integrity sha1-5xd3YCakST3Jor76RNttF/YYAI8=

fastify@^3.24.1:
  version "3.24.1"
  resolved "https://bin.swisscom.com/artifactory/api/npm/sdx-npm-virtual/fastify/-/fastify-3.24.1.tgz#979d34e096f40b7a90e90733efbbdae81623034e"
  integrity sha1-l5004Jb0C3qQ6Qcz77va6BYjA04=
  dependencies:
    "@fastify/ajv-compiler" "^1.0.0"
    abstract-logging "^2.0.0"
    avvio "^7.1.2"
    fast-json-stringify "^2.5.2"
    fastify-error "^0.3.0"
    fastify-warning "^0.2.0"
    find-my-way "^4.1.0"
    flatstr "^1.0.12"
    light-my-request "^4.2.0"
    pino "^6.13.0"
    proxy-addr "^2.0.7"
    rfdc "^1.1.4"
    secure-json-parse "^2.0.0"
    semver "^7.3.2"
    tiny-lru "^7.0.0"

fastq@^1.6.1:
  version "1.13.0"
  resolved "https://bin.swisscom.com/artifactory/api/npm/sdx-npm-virtual/fastq/-/fastq-1.13.0.tgz#616760f88a7526bdfc596b7cab8c18938c36b98c"
  integrity sha1-YWdg+Ip1Jr38WWt8q4wYk4w2uYw=
  dependencies:
    reusify "^1.0.4"

find-my-way@^4.1.0:
  version "4.4.0"
  resolved "https://bin.swisscom.com/artifactory/api/npm/sdx-npm-virtual/find-my-way/-/find-my-way-4.4.0.tgz#e4a115031d1c5c538d028d06b666e2174462bc07"
  integrity sha1-5KEVAx0cXFONAo0GtmbiF0RivAc=
  dependencies:
    fast-decode-uri-component "^1.0.1"
    fast-deep-equal "^3.1.3"
    safe-regex2 "^2.0.0"
    semver-store "^0.3.0"

flatstr@^1.0.12:
  version "1.0.12"
  resolved "https://bin.swisscom.com/artifactory/api/npm/sdx-npm-virtual/flatstr/-/flatstr-1.0.12.tgz#c2ba6a08173edbb6c9640e3055b95e287ceb5931"
  integrity sha1-wrpqCBc+27bJZA4wVbleKHzrWTE=

forwarded@0.2.0:
  version "0.2.0"
  resolved "https://bin.swisscom.com/artifactory/api/npm/sdx-npm-virtual/forwarded/-/forwarded-0.2.0.tgz#2269936428aad4c15c7ebe9779a84bf0b2a81811"
  integrity sha1-ImmTZCiq1MFcfr6XeahL8LKoGBE=

ipaddr.js@1.9.1:
  version "1.9.1"
  resolved "https://bin.swisscom.com/artifactory/api/npm/sdx-npm-virtual/ipaddr.js/-/ipaddr.js-1.9.1.tgz#bff38543eeb8984825079ff3a2a8e6cbd46781b3"
  integrity sha1-v/OFQ+64mEglB5/zoqjmy9RngbM=

json-schema-traverse@^0.4.1:
  version "0.4.1"
  resolved "https://bin.swisscom.com/artifactory/api/npm/sdx-npm-virtual/json-schema-traverse/-/json-schema-traverse-0.4.1.tgz#69f6a87d9513ab8bb8fe63bdb0979c448e684660"
  integrity sha1-afaofZUTq4u4/mO9sJecRI5oRmA=

json-schema-traverse@^1.0.0:
  version "1.0.0"
  resolved "https://bin.swisscom.com/artifactory/api/npm/sdx-npm-virtual/json-schema-traverse/-/json-schema-traverse-1.0.0.tgz#ae7bcb3656ab77a73ba5c49bf654f38e6b6860e2"
  integrity sha1-rnvLNlard6c7pcSb9lTzjmtoYOI=

light-my-request@^4.2.0:
  version "4.7.0"
  resolved "https://bin.swisscom.com/artifactory/api/npm/sdx-npm-virtual/light-my-request/-/light-my-request-4.7.0.tgz#5bacd17fa0eaf96fe5eed1682c5e0d361953cf46"
  integrity sha1-W6zRf6Dq+W/l7tFoLF4NNhlTz0Y=
  dependencies:
    ajv "^8.1.0"
    cookie "^0.4.0"
    fastify-warning "^0.2.0"
    set-cookie-parser "^2.4.1"

lru-cache@^6.0.0:
  version "6.0.0"
  resolved "https://bin.swisscom.com/artifactory/api/npm/sdx-npm-virtual/lru-cache/-/lru-cache-6.0.0.tgz#6d6fe6570ebd96aaf90fcad1dafa3b2566db3a94"
  integrity sha1-bW/mVw69lqr5D8rR2vo7JWbbOpQ=
  dependencies:
    yallist "^4.0.0"

ms@2.1.2:
  version "2.1.2"
  resolved "https://bin.swisscom.com/artifactory/api/npm/sdx-npm-virtual/ms/-/ms-2.1.2.tgz#d09d1f357b443f493382a8eb3ccd183872ae6009"
  integrity sha1-0J0fNXtEP0kzgqjrPM0YOHKuYAk=

pino-std-serializers@^3.1.0:
  version "3.2.0"
  resolved "https://bin.swisscom.com/artifactory/api/npm/sdx-npm-virtual/pino-std-serializers/-/pino-std-serializers-3.2.0.tgz#b56487c402d882eb96cd67c257868016b61ad671"
  integrity sha1-tWSHxALYguuWzWfCV4aAFrYa1nE=

pino@^6.13.0:
  version "6.13.3"
  resolved "https://bin.swisscom.com/artifactory/api/npm/sdx-npm-virtual/pino/-/pino-6.13.3.tgz#60b93bcda1541f92fb37b3f2be0a25cf1d05b6fe"
  integrity sha1-YLk7zaFUH5L7N7Pyvgolzx0Ftv4=
  dependencies:
    fast-redact "^3.0.0"
    fast-safe-stringify "^2.0.8"
    fastify-warning "^0.2.0"
    flatstr "^1.0.12"
    pino-std-serializers "^3.1.0"
    quick-format-unescaped "^4.0.3"
    sonic-boom "^1.0.2"

proxy-addr@^2.0.7:
  version "2.0.7"
  resolved "https://bin.swisscom.com/artifactory/api/npm/sdx-npm-virtual/proxy-addr/-/proxy-addr-2.0.7.tgz#f19fe69ceab311eeb94b42e70e8c2070f9ba1025"
  integrity sha1-8Z/mnOqzEe65S0LnDowgcPm6ECU=
  dependencies:
    forwarded "0.2.0"
    ipaddr.js "1.9.1"

punycode@^2.1.0:
  version "2.1.1"
  resolved "https://bin.swisscom.com/artifactory/api/npm/sdx-npm-virtual/punycode/-/punycode-2.1.1.tgz#b58b010ac40c22c5657616c8d2c2c02c7bf479ec"
  integrity sha1-tYsBCsQMIsVldhbI0sLALHv0eew=

queue-microtask@^1.1.2:
  version "1.2.3"
  resolved "https://bin.swisscom.com/artifactory/api/npm/sdx-npm-virtual/queue-microtask/-/queue-microtask-1.2.3.tgz#4929228bbc724dfac43e0efb058caf7b6cfb6243"
  integrity sha1-SSkii7xyTfrEPg77BYyve2z7YkM=

quick-format-unescaped@^4.0.3:
  version "4.0.4"
  resolved "https://bin.swisscom.com/artifactory/api/npm/sdx-npm-virtual/quick-format-unescaped/-/quick-format-unescaped-4.0.4.tgz#93ef6dd8d3453cbc7970dd614fad4c5954d6b5a7"
  integrity sha1-k+9t2NNFPLx5cN1hT61MWVTWtac=

require-from-string@^2.0.2:
  version "2.0.2"
  resolved "https://bin.swisscom.com/artifactory/api/npm/sdx-npm-virtual/require-from-string/-/require-from-string-2.0.2.tgz#89a7fdd938261267318eafe14f9c32e598c36909"
  integrity sha1-iaf92TgmEmcxjq/hT5wy5ZjDaQk=

ret@~0.2.0:
  version "0.2.2"
  resolved "https://bin.swisscom.com/artifactory/api/npm/sdx-npm-virtual/ret/-/ret-0.2.2.tgz#b6861782a1f4762dce43402a71eb7a283f44573c"
  integrity sha1-toYXgqH0di3OQ0Aqcet6KD9EVzw=

reusify@^1.0.4:
  version "1.0.4"
  resolved "https://bin.swisscom.com/artifactory/api/npm/sdx-npm-virtual/reusify/-/reusify-1.0.4.tgz#90da382b1e126efc02146e90845a88db12925d76"
  integrity sha1-kNo4Kx4SbvwCFG6QhFqI2xKSXXY=

rfdc@^1.1.4, rfdc@^1.2.0:
  version "1.3.0"
  resolved "https://bin.swisscom.com/artifactory/api/npm/sdx-npm-virtual/rfdc/-/rfdc-1.3.0.tgz#d0b7c441ab2720d05dc4cf26e01c89631d9da08b"
  integrity sha1-0LfEQasnINBdxM8m4ByJYx2doIs=

safe-regex2@^2.0.0:
  version "2.0.0"
  resolved "https://bin.swisscom.com/artifactory/api/npm/sdx-npm-virtual/safe-regex2/-/safe-regex2-2.0.0.tgz#b287524c397c7a2994470367e0185e1916b1f5b9"
  integrity sha1-sodSTDl8eimURwNn4BheGRax9bk=
  dependencies:
    ret "~0.2.0"

secure-json-parse@^2.0.0:
  version "2.4.0"
  resolved "https://bin.swisscom.com/artifactory/api/npm/sdx-npm-virtual/secure-json-parse/-/secure-json-parse-2.4.0.tgz#5aaeaaef85c7a417f76271a4f5b0cc3315ddca85"
  integrity sha1-Wq6q74XHpBf3YnGk9bDMMxXdyoU=

semver-store@^0.3.0:
  version "0.3.0"
  resolved "https://bin.swisscom.com/artifactory/api/npm/sdx-npm-virtual/semver-store/-/semver-store-0.3.0.tgz#ce602ff07df37080ec9f4fb40b29576547befbe9"
  integrity sha1-zmAv8H3zcIDsn0+0CylXZUe+++k=

semver@^7.3.2:
  version "7.3.5"
  resolved "https://bin.swisscom.com/artifactory/api/npm/sdx-npm-virtual/semver/-/semver-7.3.5.tgz#0b621c879348d8998e4b0e4be94b3f12e6018ef7"
  integrity sha1-C2Ich5NI2JmOSw5L6Us/EuYBjvc=
  dependencies:
    lru-cache "^6.0.0"

set-cookie-parser@^2.4.1:
  version "2.4.8"
  resolved "https://bin.swisscom.com/artifactory/api/npm/sdx-npm-virtual/set-cookie-parser/-/set-cookie-parser-2.4.8.tgz#d0da0ed388bc8f24e706a391f9c9e252a13c58b2"
  integrity sha1-0NoO04i8jyTnBqOR+cniUqE8WLI=

sonic-boom@^1.0.2:
  version "1.4.1"
  resolved "https://bin.swisscom.com/artifactory/api/npm/sdx-npm-virtual/sonic-boom/-/sonic-boom-1.4.1.tgz#d35d6a74076624f12e6f917ade7b9d75e918f53e"
  integrity sha1-011qdAdmJPEub5F63nuddekY9T4=
  dependencies:
    atomic-sleep "^1.0.0"
    flatstr "^1.0.12"

string-similarity@^4.0.1:
  version "4.0.4"
  resolved "https://bin.swisscom.com/artifactory/api/npm/sdx-npm-virtual/string-similarity/-/string-similarity-4.0.4.tgz#42d01ab0b34660ea8a018da8f56a3309bb8b2a5b"
  integrity sha1-QtAasLNGYOqKAY2o9WozCbuLKls=

tiny-lru@^7.0.0:
  version "7.0.6"
  resolved "https://bin.swisscom.com/artifactory/api/npm/sdx-npm-virtual/tiny-lru/-/tiny-lru-7.0.6.tgz#b0c3cdede1e5882aa2d1ae21cb2ceccf2a331f24"
  integrity sha1-sMPN7eHliCqi0a4hyyzszyozHyQ=

uri-js@^4.2.2:
  version "4.4.1"
  resolved "https://bin.swisscom.com/artifactory/api/npm/sdx-npm-virtual/uri-js/-/uri-js-4.4.1.tgz#9b1a52595225859e55f669d928f88c6c57f2a77e"
  integrity sha1-mxpSWVIlhZ5V9mnZKPiMbFfyp34=
  dependencies:
    punycode "^2.1.0"

yallist@^4.0.0:
  version "4.0.0"
  resolved "https://bin.swisscom.com/artifactory/api/npm/sdx-npm-virtual/yallist/-/yallist-4.0.0.tgz#9bb92790d9c0effec63be73519e11a35019a3a72"
  integrity sha1-m7knkNnA7/7GO+c1GeEaNQGaOnI=
